<?xml version="1.0" encoding="UTF-8"?>
<!DOCTYPE plist PUBLIC "-//Apple//DTD PLIST 1.0//EN" "http://www.apple.com/DTDs/PropertyList-1.0.dtd">
<plist version="1.0">
<dict>
	<key>BuildNumber</key>
	<string>430000060</string>
	<key>BundleIdentifier</key>
	<string>com.barebones.bbedit</string>
	<key>HostIdentifier</key>
	<string>7D442903-C612-5970-A976-23FDCBD1F082</string>
	<key>HostName</key>
	<string>SSV Normandy SR-1</string>
	<key>LockDate</key>
	<date>2025-05-31T22:41:40Z</date>
	<key>LockID</key>
	<string>FED7E507-799D-418B-A38C-C70CE53E91DE</string>
	<key>MarketingVersion</key>
	<string>15.5</string>
	<key>NetworkVolume</key>
	<false/>
	<key>ProcessIdentifier</key>
	<integer>60236</integer>
	<key>UserName</key>
	<string>chris</string>
	<key>Version</key>
	<integer>3</integer>
	<key>VolumeIdentifier</key>
	<string>229DBFBD-CEB6-4777-9D3B-9E3006FD27BE</string>
</dict>
</plist>
