lockfileVersion: '9.0'

settings:
  autoInstallPeers: true
  excludeLinksFromLockfile: false

importers:

  .:
    devDependencies:
      lite-youtube-embed:
        specifier: ^0.3.2
        version: 0.3.3
      prettier:
        specifier: ^3.2.4
        version: 3.5.3

packages:

  lite-youtube-embed@0.3.3:
    resolution: {integrity: sha512-gFfVVnj6NRjxVfJKo3qoLtpi0v5mn3AcR4eKD45wrxQuxzveFJUb+7Cr6uV6n+DjO8X3p0UzPPquhGt0H/y+NA==}

  prettier@3.5.3:
    resolution: {integrity: sha512-QQtaxnoDJeAkDvDKWCLiwIXkTgRhwYDEQCghU9Z6q03iyek/rxRh/2lC3HB7P8sWT2xC/y5JDctPLBIGzHKbhw==}
    engines: {node: '>=14'}
    hasBin: true

snapshots:

  lite-youtube-embed@0.3.3: {}

  prettier@3.5.3: {}
